// !$*UTF8*$!
{
	archiveVersion = 1;
	classes = {
	};
	objectVersion = 50;
	objects = {

/* Begin PBXBuildFile section */
		820D3D7325F2108C00445A0C /* CenterController.swift in Sources */ = {isa = PBXBuildFile; fileRef = 820D3D6625F2108B00445A0C /* CenterController.swift */; };
		820D3D7425F2108C00445A0C /* HomeController.swift in Sources */ = {isa = PBXBuildFile; fileRef = 820D3D6725F2108B00445A0C /* HomeController.swift */; };
		820D3D7525F2108C00445A0C /* MessageController.swift in Sources */ = {isa = PBXBuildFile; fileRef = 820D3D6825F2108B00445A0C /* MessageController.swift */; };
		820D3D7625F2108C00445A0C /* MineController.swift in Sources */ = {isa = PBXBuildFile; fileRef = 820D3D6925F2108B00445A0C /* MineController.swift */; };
		820D3D7725F2108C00445A0C /* DraftController.swift in Sources */ = {isa = PBXBuildFile; fileRef = 820D3D6A25F2108B00445A0C /* DraftController.swift */; };
		820D3D7825F2108C00445A0C /* Assets.xcassets in Resources */ = {isa = PBXBuildFile; fileRef = 820D3D6E25F2108C00445A0C /* Assets.xcassets */; };
		820D3D7925F2108C00445A0C /* LaunchScreen.storyboard in Resources */ = {isa = PBXBuildFile; fileRef = 820D3D6F25F2108C00445A0C /* LaunchScreen.storyboard */; };
		820D3D7A25F2108C00445A0C /* AppDelegate.swift in Sources */ = {isa = PBXBuildFile; fileRef = 820D3D7125F2108C00445A0C /* AppDelegate.swift */; };
		820D3D7B25F2108C00445A0C /* SceneDelegate.swift in Sources */ = {isa = PBXBuildFile; fileRef = 820D3D7225F2108C00445A0C /* SceneDelegate.swift */; };
		820D3DAD25F2243200445A0C /* SCTabBarItem.swift in Sources */ = {isa = PBXBuildFile; fileRef = 820D3DAC25F2243200445A0C /* SCTabBarItem.swift */; };
		CD3A709F75575A99FA3B751D /* Pods_PRear.framework in Frameworks */ = {isa = PBXBuildFile; fileRef = BBCC0E2EF57F7DECCC6B300D /* Pods_PRear.framework */; };
		F60195402912417F0027714C /* HomeTableViewCell.swift in Sources */ = {isa = PBXBuildFile; fileRef = F601953F2912417F0027714C /* HomeTableViewCell.swift */; };
		F60195432913748C0027714C /* FirstVC.swift in Sources */ = {isa = PBXBuildFile; fileRef = F60195422913748C0027714C /* FirstVC.swift */; };
		F60195452913A5450027714C /* TipsView.swift in Sources */ = {isa = PBXBuildFile; fileRef = F60195442913A5450027714C /* TipsView.swift */; };
		F60195482914B7110027714C /* Public.swift in Sources */ = {isa = PBXBuildFile; fileRef = F60195472914B7110027714C /* Public.swift */; };
		F601954A2914BA6D0027714C /* NetWork.swift in Sources */ = {isa = PBXBuildFile; fileRef = F60195492914BA6D0027714C /* NetWork.swift */; };
		F601954D2914CEDD0027714C /* AgentA.swift in Sources */ = {isa = PBXBuildFile; fileRef = F601954C2914CEDD0027714C /* AgentA.swift */; };
		F601954F2914CEEE0027714C /* AgentB.swift in Sources */ = {isa = PBXBuildFile; fileRef = F601954E2914CEEE0027714C /* AgentB.swift */; };
		F60195512914CEFC0027714C /* AgentC.swift in Sources */ = {isa = PBXBuildFile; fileRef = F60195502914CEFC0027714C /* AgentC.swift */; };
		F60195532914E5AD0027714C /* MangerDelegate.swift in Sources */ = {isa = PBXBuildFile; fileRef = F60195522914E5AD0027714C /* MangerDelegate.swift */; };
		F60195552914F2B00027714C /* SendMessagesPro.swift in Sources */ = {isa = PBXBuildFile; fileRef = F60195542914F2B00027714C /* SendMessagesPro.swift */; };
/* End PBXBuildFile section */

/* Begin PBXFileReference section */
		6E724F30661EB5D7208A9717 /* Pods-PRear.debug.xcconfig */ = {isa = PBXFileReference; includeInIndex = 1; lastKnownFileType = text.xcconfig; name = "Pods-PRear.debug.xcconfig"; path = "Target Support Files/Pods-PRear/Pods-PRear.debug.xcconfig"; sourceTree = "<group>"; };
		820D3D4825F2101F00445A0C /* PRear.app */ = {isa = PBXFileReference; explicitFileType = wrapper.application; includeInIndex = 0; path = PRear.app; sourceTree = BUILT_PRODUCTS_DIR; };
		820D3D5925F2102100445A0C /* Info.plist */ = {isa = PBXFileReference; lastKnownFileType = text.plist.xml; path = Info.plist; sourceTree = "<group>"; };
		820D3D6625F2108B00445A0C /* CenterController.swift */ = {isa = PBXFileReference; fileEncoding = 4; lastKnownFileType = sourcecode.swift; path = CenterController.swift; sourceTree = "<group>"; };
		820D3D6725F2108B00445A0C /* HomeController.swift */ = {isa = PBXFileReference; fileEncoding = 4; lastKnownFileType = sourcecode.swift; path = HomeController.swift; sourceTree = "<group>"; };
		820D3D6825F2108B00445A0C /* MessageController.swift */ = {isa = PBXFileReference; fileEncoding = 4; lastKnownFileType = sourcecode.swift; path = MessageController.swift; sourceTree = "<group>"; };
		820D3D6925F2108B00445A0C /* MineController.swift */ = {isa = PBXFileReference; fileEncoding = 4; lastKnownFileType = sourcecode.swift; path = MineController.swift; sourceTree = "<group>"; };
		820D3D6A25F2108B00445A0C /* DraftController.swift */ = {isa = PBXFileReference; fileEncoding = 4; lastKnownFileType = sourcecode.swift; path = DraftController.swift; sourceTree = "<group>"; };
		820D3D6E25F2108C00445A0C /* Assets.xcassets */ = {isa = PBXFileReference; lastKnownFileType = folder.assetcatalog; path = Assets.xcassets; sourceTree = "<group>"; };
		820D3D7025F2108C00445A0C /* Base */ = {isa = PBXFileReference; lastKnownFileType = file.storyboard; name = Base; path = Base.lproj/LaunchScreen.storyboard; sourceTree = "<group>"; };
		820D3D7125F2108C00445A0C /* AppDelegate.swift */ = {isa = PBXFileReference; fileEncoding = 4; lastKnownFileType = sourcecode.swift; path = AppDelegate.swift; sourceTree = "<group>"; };
		820D3D7225F2108C00445A0C /* SceneDelegate.swift */ = {isa = PBXFileReference; fileEncoding = 4; lastKnownFileType = sourcecode.swift; path = SceneDelegate.swift; sourceTree = "<group>"; };
		820D3DAC25F2243200445A0C /* SCTabBarItem.swift */ = {isa = PBXFileReference; lastKnownFileType = sourcecode.swift; path = SCTabBarItem.swift; sourceTree = "<group>"; };
		BBCC0E2EF57F7DECCC6B300D /* Pods_PRear.framework */ = {isa = PBXFileReference; explicitFileType = wrapper.framework; includeInIndex = 0; path = Pods_PRear.framework; sourceTree = BUILT_PRODUCTS_DIR; };
		C0D3020811A530FA4FB602B8 /* Pods-PRear.release.xcconfig */ = {isa = PBXFileReference; includeInIndex = 1; lastKnownFileType = text.xcconfig; name = "Pods-PRear.release.xcconfig"; path = "Target Support Files/Pods-PRear/Pods-PRear.release.xcconfig"; sourceTree = "<group>"; };
		F601953F2912417F0027714C /* HomeTableViewCell.swift */ = {isa = PBXFileReference; lastKnownFileType = sourcecode.swift; path = HomeTableViewCell.swift; sourceTree = "<group>"; };
		F60195422913748C0027714C /* FirstVC.swift */ = {isa = PBXFileReference; lastKnownFileType = sourcecode.swift; path = FirstVC.swift; sourceTree = "<group>"; };
		F60195442913A5450027714C /* TipsView.swift */ = {isa = PBXFileReference; lastKnownFileType = sourcecode.swift; path = TipsView.swift; sourceTree = "<group>"; };
		F60195472914B7110027714C /* Public.swift */ = {isa = PBXFileReference; lastKnownFileType = sourcecode.swift; path = Public.swift; sourceTree = "<group>"; };
		F60195492914BA6D0027714C /* NetWork.swift */ = {isa = PBXFileReference; lastKnownFileType = sourcecode.swift; name = NetWork.swift; path = PRear/firsPage/NetWork.swift; sourceTree = SOURCE_ROOT; };
		F601954C2914CEDD0027714C /* AgentA.swift */ = {isa = PBXFileReference; lastKnownFileType = sourcecode.swift; path = AgentA.swift; sourceTree = "<group>"; };
		F601954E2914CEEE0027714C /* AgentB.swift */ = {isa = PBXFileReference; lastKnownFileType = sourcecode.swift; path = AgentB.swift; sourceTree = "<group>"; };
		F60195502914CEFC0027714C /* AgentC.swift */ = {isa = PBXFileReference; lastKnownFileType = sourcecode.swift; path = AgentC.swift; sourceTree = "<group>"; };
		F60195522914E5AD0027714C /* MangerDelegate.swift */ = {isa = PBXFileReference; lastKnownFileType = sourcecode.swift; path = MangerDelegate.swift; sourceTree = "<group>"; };
		F60195542914F2B00027714C /* SendMessagesPro.swift */ = {isa = PBXFileReference; lastKnownFileType = sourcecode.swift; path = SendMessagesPro.swift; sourceTree = "<group>"; };
/* End PBXFileReference section */

/* Begin PBXFrameworksBuildPhase section */
		820D3D4525F2101F00445A0C /* Frameworks */ = {
			isa = PBXFrameworksBuildPhase;
			buildActionMask = 2147483647;
			files = (
				CD3A709F75575A99FA3B751D /* Pods_PRear.framework in Frameworks */,
			);
			runOnlyForDeploymentPostprocessing = 0;
		};
/* End PBXFrameworksBuildPhase section */

/* Begin PBXGroup section */
		640903D9B37501F67C69F136 /* Frameworks */ = {
			isa = PBXGroup;
			children = (
				BBCC0E2EF57F7DECCC6B300D /* Pods_PRear.framework */,
			);
			name = Frameworks;
			sourceTree = "<group>";
		};
		820D3D3F25F2101F00445A0C = {
			isa = PBXGroup;
			children = (
				820D3D4A25F2101F00445A0C /* PRear */,
				820D3D4925F2101F00445A0C /* Products */,
				901FF0672AA02D48150262D4 /* Pods */,
				640903D9B37501F67C69F136 /* Frameworks */,
			);
			sourceTree = "<group>";
		};
		820D3D4925F2101F00445A0C /* Products */ = {
			isa = PBXGroup;
			children = (
				820D3D4825F2101F00445A0C /* PRear.app */,
			);
			name = Products;
			sourceTree = "<group>";
		};
		820D3D4A25F2101F00445A0C /* PRear */ = {
			isa = PBXGroup;
			children = (
				F601954B2914CE5A0027714C /* variableAgent */,
				F60195462914B6FB0027714C /* public */,
				F60195412913743C0027714C /* firsPage */,
				820D3D6325F2108B00445A0C /* home */,
				820D3D6D25F2108C00445A0C /* other */,
			);
			path = PRear;
			sourceTree = "<group>";
		};
		820D3D6325F2108B00445A0C /* home */ = {
			isa = PBXGroup;
			children = (
				820D3D6425F2108B00445A0C /* network */,
				820D3D6B25F2108B00445A0C /* model */,
				820D3D6C25F2108B00445A0C /* view */,
				820D3D6525F2108B00445A0C /* controller */,
			);
			path = home;
			sourceTree = "<group>";
		};
		820D3D6425F2108B00445A0C /* network */ = {
			isa = PBXGroup;
			children = (
				F60195492914BA6D0027714C /* NetWork.swift */,
			);
			path = network;
			sourceTree = "<group>";
		};
		820D3D6525F2108B00445A0C /* controller */ = {
			isa = PBXGroup;
			children = (
				820D3D6725F2108B00445A0C /* HomeController.swift */,
				820D3D6A25F2108B00445A0C /* DraftController.swift */,
				820D3D6625F2108B00445A0C /* CenterController.swift */,
				820D3D6825F2108B00445A0C /* MessageController.swift */,
				820D3D6925F2108B00445A0C /* MineController.swift */,
			);
			path = controller;
			sourceTree = "<group>";
		};
		820D3D6B25F2108B00445A0C /* model */ = {
			isa = PBXGroup;
			children = (
			);
			path = model;
			sourceTree = "<group>";
		};
		820D3D6C25F2108B00445A0C /* view */ = {
			isa = PBXGroup;
			children = (
				820D3DAC25F2243200445A0C /* SCTabBarItem.swift */,
				F601953F2912417F0027714C /* HomeTableViewCell.swift */,
				F60195442913A5450027714C /* TipsView.swift */,
			);
			path = view;
			sourceTree = "<group>";
		};
		820D3D6D25F2108C00445A0C /* other */ = {
			isa = PBXGroup;
			children = (
				820D3D7125F2108C00445A0C /* AppDelegate.swift */,
				820D3D7225F2108C00445A0C /* SceneDelegate.swift */,
				820D3D6F25F2108C00445A0C /* LaunchScreen.storyboard */,
				820D3D5925F2102100445A0C /* Info.plist */,
				820D3D6E25F2108C00445A0C /* Assets.xcassets */,
			);
			path = other;
			sourceTree = "<group>";
		};
		901FF0672AA02D48150262D4 /* Pods */ = {
			isa = PBXGroup;
			children = (
				6E724F30661EB5D7208A9717 /* Pods-PRear.debug.xcconfig */,
				C0D3020811A530FA4FB602B8 /* Pods-PRear.release.xcconfig */,
			);
			path = Pods;
			sourceTree = "<group>";
		};
		F60195412913743C0027714C /* firsPage */ = {
			isa = PBXGroup;
			children = (
				F60195422913748C0027714C /* FirstVC.swift */,
			);
			path = firsPage;
			sourceTree = "<group>";
		};
		F60195462914B6FB0027714C /* public */ = {
			isa = PBXGroup;
			children = (
				F60195472914B7110027714C /* Public.swift */,
			);
			path = public;
			sourceTree = "<group>";
		};
		F601954B2914CE5A0027714C /* variableAgent */ = {
			isa = PBXGroup;
			children = (
				F601954C2914CEDD0027714C /* AgentA.swift */,
				F601954E2914CEEE0027714C /* AgentB.swift */,
				F60195502914CEFC0027714C /* AgentC.swift */,
				F60195522914E5AD0027714C /* MangerDelegate.swift */,
				F60195542914F2B00027714C /* SendMessagesPro.swift */,
			);
			path = variableAgent;
			sourceTree = "<group>";
		};
/* End PBXGroup section */

/* Begin PBXNativeTarget section */
		820D3D4725F2101F00445A0C /* PRear */ = {
			isa = PBXNativeTarget;
			buildConfigurationList = 820D3D5C25F2102100445A0C /* Build configuration list for PBXNativeTarget "PRear" */;
			buildPhases = (
				4E401EB6299FC3AFC31A3A83 /* [CP] Check Pods Manifest.lock */,
				820D3D4425F2101F00445A0C /* Sources */,
				820D3D4525F2101F00445A0C /* Frameworks */,
				820D3D4625F2101F00445A0C /* Resources */,
			);
			buildRules = (
			);
			dependencies = (
			);
			name = PRear;
			productName = PRear;
			productReference = 820D3D4825F2101F00445A0C /* PRear.app */;
			productType = "com.apple.product-type.application";
		};
/* End PBXNativeTarget section */

/* Begin PBXProject section */
		820D3D4025F2101F00445A0C /* Project object */ = {
			isa = PBXProject;
			attributes = {
				LastSwiftUpdateCheck = 1240;
				LastUpgradeCheck = 1240;
				TargetAttributes = {
					820D3D4725F2101F00445A0C = {
						CreatedOnToolsVersion = 12.4;
					};
				};
			};
			buildConfigurationList = 820D3D4325F2101F00445A0C /* Build configuration list for PBXProject "PRear" */;
			compatibilityVersion = "Xcode 9.3";
			developmentRegion = en;
			hasScannedForEncodings = 0;
			knownRegions = (
				en,
				Base,
			);
			mainGroup = 820D3D3F25F2101F00445A0C;
			productRefGroup = 820D3D4925F2101F00445A0C /* Products */;
			projectDirPath = "";
			projectRoot = "";
			targets = (
				820D3D4725F2101F00445A0C /* PRear */,
			);
		};
/* End PBXProject section */

/* Begin PBXResourcesBuildPhase section */
		820D3D4625F2101F00445A0C /* Resources */ = {
			isa = PBXResourcesBuildPhase;
			buildActionMask = 2147483647;
			files = (
				820D3D7825F2108C00445A0C /* Assets.xcassets in Resources */,
				820D3D7925F2108C00445A0C /* LaunchScreen.storyboard in Resources */,
			);
			runOnlyForDeploymentPostprocessing = 0;
		};
/* End PBXResourcesBuildPhase section */

/* Begin PBXShellScriptBuildPhase section */
		4E401EB6299FC3AFC31A3A83 /* [CP] Check Pods Manifest.lock */ = {
			isa = PBXShellScriptBuildPhase;
			buildActionMask = 2147483647;
			files = (
			);
			inputFileListPaths = (
			);
			inputPaths = (
				"${PODS_PODFILE_DIR_PATH}/Podfile.lock",
				"${PODS_ROOT}/Manifest.lock",
			);
			name = "[CP] Check Pods Manifest.lock";
			outputFileListPaths = (
			);
			outputPaths = (
				"$(DERIVED_FILE_DIR)/Pods-PRear-checkManifestLockResult.txt",
			);
			runOnlyForDeploymentPostprocessing = 0;
			shellPath = /bin/sh;
			shellScript = "diff \"${PODS_PODFILE_DIR_PATH}/Podfile.lock\" \"${PODS_ROOT}/Manifest.lock\" > /dev/null\nif [ $? != 0 ] ; then\n    # print error to STDERR\n    echo \"error: The sandbox is not in sync with the Podfile.lock. Run 'pod install' or update your CocoaPods installation.\" >&2\n    exit 1\nfi\n# This output is used by Xcode 'outputs' to avoid re-running this script phase.\necho \"SUCCESS\" > \"${SCRIPT_OUTPUT_FILE_0}\"\n";
			showEnvVarsInLog = 0;
		};
/* End PBXShellScriptBuildPhase section */

/* Begin PBXSourcesBuildPhase section */
		820D3D4425F2101F00445A0C /* Sources */ = {
			isa = PBXSourcesBuildPhase;
			buildActionMask = 2147483647;
			files = (
				820D3D7A25F2108C00445A0C /* AppDelegate.swift in Sources */,
				820D3D7B25F2108C00445A0C /* SceneDelegate.swift in Sources */,
				F60195532914E5AD0027714C /* MangerDelegate.swift in Sources */,
				F60195482914B7110027714C /* Public.swift in Sources */,
				820D3D7725F2108C00445A0C /* DraftController.swift in Sources */,
				F60195432913748C0027714C /* FirstVC.swift in Sources */,
				820D3D7625F2108C00445A0C /* MineController.swift in Sources */,
				F601954A2914BA6D0027714C /* NetWork.swift in Sources */,
				F60195452913A5450027714C /* TipsView.swift in Sources */,
				F60195552914F2B00027714C /* SendMessagesPro.swift in Sources */,
				820D3D7425F2108C00445A0C /* HomeController.swift in Sources */,
				F60195512914CEFC0027714C /* AgentC.swift in Sources */,
				F601954F2914CEEE0027714C /* AgentB.swift in Sources */,
				820D3D7525F2108C00445A0C /* MessageController.swift in Sources */,
				F60195402912417F0027714C /* HomeTableViewCell.swift in Sources */,
				820D3DAD25F2243200445A0C /* SCTabBarItem.swift in Sources */,
				820D3D7325F2108C00445A0C /* CenterController.swift in Sources */,
				F601954D2914CEDD0027714C /* AgentA.swift in Sources */,
			);
			runOnlyForDeploymentPostprocessing = 0;
		};
/* End PBXSourcesBuildPhase section */

/* Begin PBXVariantGroup section */
		820D3D6F25F2108C00445A0C /* LaunchScreen.storyboard */ = {
			isa = PBXVariantGroup;
			children = (
				820D3D7025F2108C00445A0C /* Base */,
			);
			name = LaunchScreen.storyboard;
			sourceTree = "<group>";
		};
/* End PBXVariantGroup section */

/* Begin XCBuildConfiguration section */
		820D3D5A25F2102100445A0C /* Debug */ = {
			isa = XCBuildConfiguration;
			buildSettings = {
				ALWAYS_SEARCH_USER_PATHS = NO;
				CLANG_ANALYZER_NONNULL = YES;
				CLANG_ANALYZER_NUMBER_OBJECT_CONVERSION = YES_AGGRESSIVE;
				CLANG_CXX_LANGUAGE_STANDARD = "gnu++14";
				CLANG_CXX_LIBRARY = "libc++";
				CLANG_ENABLE_MODULES = YES;
				CLANG_ENABLE_OBJC_ARC = YES;
				CLANG_ENABLE_OBJC_WEAK = YES;
				CLANG_WARN_BLOCK_CAPTURE_AUTORELEASING = YES;
				CLANG_WARN_BOOL_CONVERSION = YES;
				CLANG_WARN_COMMA = YES;
				CLANG_WARN_CONSTANT_CONVERSION = YES;
				CLANG_WARN_DEPRECATED_OBJC_IMPLEMENTATIONS = YES;
				CLANG_WARN_DIRECT_OBJC_ISA_USAGE = YES_ERROR;
				CLANG_WARN_DOCUMENTATION_COMMENTS = YES;
				CLANG_WARN_EMPTY_BODY = YES;
				CLANG_WARN_ENUM_CONVERSION = YES;
				CLANG_WARN_INFINITE_RECURSION = YES;
				CLANG_WARN_INT_CONVERSION = YES;
				CLANG_WARN_NON_LITERAL_NULL_CONVERSION = YES;
				CLANG_WARN_OBJC_IMPLICIT_RETAIN_SELF = YES;
				CLANG_WARN_OBJC_LITERAL_CONVERSION = YES;
				CLANG_WARN_OBJC_ROOT_CLASS = YES_ERROR;
				CLANG_WARN_QUOTED_INCLUDE_IN_FRAMEWORK_HEADER = YES;
				CLANG_WARN_RANGE_LOOP_ANALYSIS = YES;
				CLANG_WARN_STRICT_PROTOTYPES = YES;
				CLANG_WARN_SUSPICIOUS_MOVE = YES;
				CLANG_WARN_UNGUARDED_AVAILABILITY = YES_AGGRESSIVE;
				CLANG_WARN_UNREACHABLE_CODE = YES;
				CLANG_WARN__DUPLICATE_METHOD_MATCH = YES;
				COPY_PHASE_STRIP = NO;
				DEBUG_INFORMATION_FORMAT = dwarf;
				ENABLE_STRICT_OBJC_MSGSEND = YES;
				ENABLE_TESTABILITY = YES;
				GCC_C_LANGUAGE_STANDARD = gnu11;
				GCC_DYNAMIC_NO_PIC = NO;
				GCC_NO_COMMON_BLOCKS = YES;
				GCC_OPTIMIZATION_LEVEL = 0;
				GCC_PREPROCESSOR_DEFINITIONS = (
					"DEBUG=1",
					"$(inherited)",
				);
				GCC_WARN_64_TO_32_BIT_CONVERSION = YES;
				GCC_WARN_ABOUT_RETURN_TYPE = YES_ERROR;
				GCC_WARN_UNDECLARED_SELECTOR = YES;
				GCC_WARN_UNINITIALIZED_AUTOS = YES_AGGRESSIVE;
				GCC_WARN_UNUSED_FUNCTION = YES;
				GCC_WARN_UNUSED_VARIABLE = YES;
				IPHONEOS_DEPLOYMENT_TARGET = 14.4;
				MTL_ENABLE_DEBUG_INFO = INCLUDE_SOURCE;
				MTL_FAST_MATH = YES;
				ONLY_ACTIVE_ARCH = YES;
				SDKROOT = iphoneos;
				SWIFT_ACTIVE_COMPILATION_CONDITIONS = DEBUG;
				SWIFT_OPTIMIZATION_LEVEL = "-Onone";
			};
			name = Debug;
		};
		820D3D5B25F2102100445A0C /* Release */ = {
			isa = XCBuildConfiguration;
			buildSettings = {
				ALWAYS_SEARCH_USER_PATHS = NO;
				CLANG_ANALYZER_NONNULL = YES;
				CLANG_ANALYZER_NUMBER_OBJECT_CONVERSION = YES_AGGRESSIVE;
				CLANG_CXX_LANGUAGE_STANDARD = "gnu++14";
				CLANG_CXX_LIBRARY = "libc++";
				CLANG_ENABLE_MODULES = YES;
				CLANG_ENABLE_OBJC_ARC = YES;
				CLANG_ENABLE_OBJC_WEAK = YES;
				CLANG_WARN_BLOCK_CAPTURE_AUTORELEASING = YES;
				CLANG_WARN_BOOL_CONVERSION = YES;
				CLANG_WARN_COMMA = YES;
				CLANG_WARN_CONSTANT_CONVERSION = YES;
				CLANG_WARN_DEPRECATED_OBJC_IMPLEMENTATIONS = YES;
				CLANG_WARN_DIRECT_OBJC_ISA_USAGE = YES_ERROR;
				CLANG_WARN_DOCUMENTATION_COMMENTS = YES;
				CLANG_WARN_EMPTY_BODY = YES;
				CLANG_WARN_ENUM_CONVERSION = YES;
				CLANG_WARN_INFINITE_RECURSION = YES;
				CLANG_WARN_INT_CONVERSION = YES;
				CLANG_WARN_NON_LITERAL_NULL_CONVERSION = YES;
				CLANG_WARN_OBJC_IMPLICIT_RETAIN_SELF = YES;
				CLANG_WARN_OBJC_LITERAL_CONVERSION = YES;
				CLANG_WARN_OBJC_ROOT_CLASS = YES_ERROR;
				CLANG_WARN_QUOTED_INCLUDE_IN_FRAMEWORK_HEADER = YES;
				CLANG_WARN_RANGE_LOOP_ANALYSIS = YES;
				CLANG_WARN_STRICT_PROTOTYPES = YES;
				CLANG_WARN_SUSPICIOUS_MOVE = YES;
				CLANG_WARN_UNGUARDED_AVAILABILITY = YES_AGGRESSIVE;
				CLANG_WARN_UNREACHABLE_CODE = YES;
				CLANG_WARN__DUPLICATE_METHOD_MATCH = YES;
				COPY_PHASE_STRIP = NO;
				DEBUG_INFORMATION_FORMAT = "dwarf-with-dsym";
				ENABLE_NS_ASSERTIONS = NO;
				ENABLE_STRICT_OBJC_MSGSEND = YES;
				GCC_C_LANGUAGE_STANDARD = gnu11;
				GCC_NO_COMMON_BLOCKS = YES;
				GCC_WARN_64_TO_32_BIT_CONVERSION = YES;
				GCC_WARN_ABOUT_RETURN_TYPE = YES_ERROR;
				GCC_WARN_UNDECLARED_SELECTOR = YES;
				GCC_WARN_UNINITIALIZED_AUTOS = YES_AGGRESSIVE;
				GCC_WARN_UNUSED_FUNCTION = YES;
				GCC_WARN_UNUSED_VARIABLE = YES;
				IPHONEOS_DEPLOYMENT_TARGET = 14.4;
				MTL_ENABLE_DEBUG_INFO = NO;
				MTL_FAST_MATH = YES;
				SDKROOT = iphoneos;
				SWIFT_COMPILATION_MODE = wholemodule;
				SWIFT_OPTIMIZATION_LEVEL = "-O";
				VALIDATE_PRODUCT = YES;
			};
			name = Release;
		};
		820D3D5D25F2102100445A0C /* Debug */ = {
			isa = XCBuildConfiguration;
			baseConfigurationReference = 6E724F30661EB5D7208A9717 /* Pods-PRear.debug.xcconfig */;
			buildSettings = {
				ASSETCATALOG_COMPILER_APPICON_NAME = AppIcon;
				ASSETCATALOG_COMPILER_GLOBAL_ACCENT_COLOR_NAME = AccentColor;
				CODE_SIGN_STYLE = Automatic;
				DEVELOPMENT_TEAM = 3V4P556M84;
				INFOPLIST_FILE = PRear/other/Info.plist;
				LD_RUNPATH_SEARCH_PATHS = (
					"$(inherited)",
					"@executable_path/Frameworks",
				);
				PRODUCT_BUNDLE_IDENTIFIER = cn.thepaper.pai.PRear;
				PRODUCT_NAME = "$(TARGET_NAME)";
				SWIFT_VERSION = 5.0;
				TARGETED_DEVICE_FAMILY = 1;
			};
			name = Debug;
		};
		820D3D5E25F2102100445A0C /* Release */ = {
			isa = XCBuildConfiguration;
			baseConfigurationReference = C0D3020811A530FA4FB602B8 /* Pods-PRear.release.xcconfig */;
			buildSettings = {
				ASSETCATALOG_COMPILER_APPICON_NAME = AppIcon;
				ASSETCATALOG_COMPILER_GLOBAL_ACCENT_COLOR_NAME = AccentColor;
				CODE_SIGN_STYLE = Automatic;
				DEVELOPMENT_TEAM = 3V4P556M84;
				INFOPLIST_FILE = PRear/other/Info.plist;
				LD_RUNPATH_SEARCH_PATHS = (
					"$(inherited)",
					"@executable_path/Frameworks",
				);
				PRODUCT_BUNDLE_IDENTIFIER = cn.thepaper.pai.PRear;
				PRODUCT_NAME = "$(TARGET_NAME)";
				SWIFT_VERSION = 5.0;
				TARGETED_DEVICE_FAMILY = 1;
			};
			name = Release;
		};
/* End XCBuildConfiguration section */

/* Begin XCConfigurationList section */
		820D3D4325F2101F00445A0C /* Build configuration list for PBXProject "PRear" */ = {
			isa = XCConfigurationList;
			buildConfigurations = (
				820D3D5A25F2102100445A0C /* Debug */,
				820D3D5B25F2102100445A0C /* Release */,
			);
			defaultConfigurationIsVisible = 0;
			defaultConfigurationName = Release;
		};
		820D3D5C25F2102100445A0C /* Build configuration list for PBXNativeTarget "PRear" */ = {
			isa = XCConfigurationList;
			buildConfigurations = (
				820D3D5D25F2102100445A0C /* Debug */,
				820D3D5E25F2102100445A0C /* Release */,
			);
			defaultConfigurationIsVisible = 0;
			defaultConfigurationName = Release;
		};
/* End XCConfigurationList section */
	};
	rootObject = 820D3D4025F2101F00445A0C /* Project object */;
}
